
Microsoft Visual Studio Solution File, Format Version 12.00
# Visual Studio Version 16
VisualStudioVersion = 16.0.31727.386
MinimumVisualStudioVersion = 10.0.40219.1
Project("{9A19103F-16F7-4668-BE54-9A1E7A4F7556}") = "DirectoriesAndFiles", "DirectoriesAndFiles\DirectoriesAndFiles.csproj", "{242BF07B-6E8C-4B13-BBF9-A4500FF76174}"
EndProject
Project("{9A19103F-16F7-4668-BE54-9A1E7A4F7556}") = "WishList", "WishList\WishList.csproj", "{07EE1594-B616-4A40-88DD-D48F80D0AF5B}"
EndProject
Project("{9A19103F-16F7-4668-BE54-9A1E7A4F7556}") = "MyWishListFile", "MyWishListFile\MyWishListFile.csproj", "{673C5C51-496E-4D7A-B13B-5AAB6FD33D3D}"
EndProject
Project("{9A19103F-16F7-4668-BE54-9A1E7A4F7556}") = "ShoppingListCreate", "ShoppingList\ShoppingListCreate.csproj", "{31B7AFEE-F77D-426C-8680-05000FE163CF}"
EndProject
Project("{FAE04EC0-301F-11D3-BF4B-00C04F79EFBC}") = "MyShoppingList", "MyShoppingList\MyShoppingList.csproj", "{599886F4-8164-445C-B9C1-8D3902E7376B}"
EndProject
Global
	GlobalSection(SolutionConfigurationPlatforms) = preSolution
		Debug|Any CPU = Debug|Any CPU
		Release|Any CPU = Release|Any CPU
	EndGlobalSection
	GlobalSection(ProjectConfigurationPlatforms) = postSolution
		{242BF07B-6E8C-4B13-BBF9-A4500FF76174}.Debug|Any CPU.ActiveCfg = Debug|Any CPU
		{242BF07B-6E8C-4B13-BBF9-A4500FF76174}.Debug|Any CPU.Build.0 = Debug|Any CPU
		{242BF07B-6E8C-4B13-BBF9-A4500FF76174}.Release|Any CPU.ActiveCfg = Release|Any CPU
		{242BF07B-6E8C-4B13-BBF9-A4500FF76174}.Release|Any CPU.Build.0 = Release|Any CPU
		{07EE1594-B616-4A40-88DD-D48F80D0AF5B}.Debug|Any CPU.ActiveCfg = Debug|Any CPU
		{07EE1594-B616-4A40-88DD-D48F80D0AF5B}.Debug|Any CPU.Build.0 = Debug|Any CPU
		{07EE1594-B616-4A40-88DD-D48F80D0AF5B}.Release|Any CPU.ActiveCfg = Release|Any CPU
		{07EE1594-B616-4A40-88DD-D48F80D0AF5B}.Release|Any CPU.Build.0 = Release|Any CPU
		{673C5C51-496E-4D7A-B13B-5AAB6FD33D3D}.Debug|Any CPU.ActiveCfg = Debug|Any CPU
		{673C5C51-496E-4D7A-B13B-5AAB6FD33D3D}.Debug|Any CPU.Build.0 = Debug|Any CPU
		{673C5C51-496E-4D7A-B13B-5AAB6FD33D3D}.Release|Any CPU.ActiveCfg = Release|Any CPU
		{673C5C51-496E-4D7A-B13B-5AAB6FD33D3D}.Release|Any CPU.Build.0 = Release|Any CPU
		{31B7AFEE-F77D-426C-8680-05000FE163CF}.Debug|Any CPU.ActiveCfg = Debug|Any CPU
		{31B7AFEE-F77D-426C-8680-05000FE163CF}.Debug|Any CPU.Build.0 = Debug|Any CPU
		{31B7AFEE-F77D-426C-8680-05000FE163CF}.Release|Any CPU.ActiveCfg = Release|Any CPU
		{31B7AFEE-F77D-426C-8680-05000FE163CF}.Release|Any CPU.Build.0 = Release|Any CPU
		{599886F4-8164-445C-B9C1-8D3902E7376B}.Debug|Any CPU.ActiveCfg = Debug|Any CPU
		{599886F4-8164-445C-B9C1-8D3902E7376B}.Debug|Any CPU.Build.0 = Debug|Any CPU
		{599886F4-8164-445C-B9C1-8D3902E7376B}.Release|Any CPU.ActiveCfg = Release|Any CPU
		{599886F4-8164-445C-B9C1-8D3902E7376B}.Release|Any CPU.Build.0 = Release|Any CPU
	EndGlobalSection
	GlobalSection(SolutionProperties) = preSolution
		HideSolutionNode = FALSE
	EndGlobalSection
	GlobalSection(ExtensibilityGlobals) = postSolution
		SolutionGuid = {11154FC6-42C4-4B57-8372-281B15EF609A}
	EndGlobalSection
EndGlobal
